
Microsoft Visual Studio Solution File, Format Version 12.00
# Visual Studio Version 17
VisualStudioVersion = 17.14.37216.2 d17.14
MinimumVisualStudioVersion = 10.0.40219.1
Project("{FAE04EC0-301F-11D3-BF4B-00C04F79EFBC}") = "Mini-shop", "Mini-shop\Mini-shop.csproj", "{18FF99B3-587F-4282-BD15-7E6D22B411B4}"
EndProject
Global
	GlobalSection(SolutionConfigurationPlatforms) = preSolution
		Debug|Any CPU = Debug|Any CPU
		Release|Any CPU = Release|Any CPU
	EndGlobalSection
	GlobalSection(ProjectConfigurationPlatforms) = postSolution
		{18FF99B3-587F-4282-BD15-7E6D22B411B4}.Debug|Any CPU.ActiveCfg = Debug|Any CPU
		{18FF99B3-587F-4282-BD15-7E6D22B411B4}.Debug|Any CPU.Build.0 = Debug|Any CPU
		{18FF99B3-587F-4282-BD15-7E6D22B411B4}.Release|Any CPU.ActiveCfg = Release|Any CPU
		{18FF99B3-587F-4282-BD15-7E6D22B411B4}.Release|Any CPU.Build.0 = Release|Any CPU
	EndGlobalSection
	GlobalSection(SolutionProperties) = preSolution
		HideSolutionNode = FALSE
	EndGlobalSection
	GlobalSection(ExtensibilityGlobals) = postSolution
		SolutionGuid = {461C647D-61AB-43EB-BA3F-0E3A5C127C1A}
	EndGlobalSection
EndGlobal
